
Microsoft Visual Studio Solution File, Format Version 12.00
# Visual Studio Version 16
VisualStudioVersion = 16.0.31515.178
MinimumVisualStudioVersion = 10.0.40219.1
Project("{9A19103F-16F7-4668-BE54-9A1E7A4F7556}") = "Nop.Plugin.Misc.AdvancedSpecificationAttributes", "Nop.Plugin.Misc.AdvancedSpecificationAttributes\Nop.Plugin.Misc.AdvancedSpecificationAttributes.csproj", "{556C07B4-DDF7-4C7C-A2DD-A95A8DE6B0AA}"
EndProject
Global
	GlobalSection(SolutionConfigurationPlatforms) = preSolution
		Debug|Any CPU = Debug|Any CPU
		Release|Any CPU = Release|Any CPU
	EndGlobalSection
	GlobalSection(ProjectConfigurationPlatforms) = postSolution
		{556C07B4-DDF7-4C7C-A2DD-A95A8DE6B0AA}.Debug|Any CPU.ActiveCfg = Debug|Any CPU
		{556C07B4-DDF7-4C7C-A2DD-A95A8DE6B0AA}.Debug|Any CPU.Build.0 = Debug|Any CPU
		{556C07B4-DDF7-4C7C-A2DD-A95A8DE6B0AA}.Release|Any CPU.ActiveCfg = Release|Any CPU
		{556C07B4-DDF7-4C7C-A2DD-A95A8DE6B0AA}.Release|Any CPU.Build.0 = Release|Any CPU
	EndGlobalSection
	GlobalSection(SolutionProperties) = preSolution
		HideSolutionNode = FALSE
	EndGlobalSection
	GlobalSection(ExtensibilityGlobals) = postSolution
		SolutionGuid = {D24D8BB3-3570-403E-BEDC-21DA4C033545}
	EndGlobalSection
EndGlobal
